
Microsoft Visual Studio Solution File, Format Version 12.00
# Visual Studio 15
VisualStudioVersion = 15.0.26730.12
MinimumVisualStudioVersion = 10.0.40219.1
Project("{FAE04EC0-301F-11D3-BF4B-00C04F79EFBC}") = "NUCode", "NUCode\NUCode.csproj", "{87750BF5-8606-4227-8562-F499ED3B030C}"
EndProject
Global
	GlobalSection(SolutionConfigurationPlatforms) = preSolution
		Debug|Any CPU = Debug|Any CPU
		Release|Any CPU = Release|Any CPU
	EndGlobalSection
	GlobalSection(ProjectConfigurationPlatforms) = postSolution
		{87750BF5-8606-4227-8562-F499ED3B030C}.Debug|Any CPU.ActiveCfg = Debug|Any CPU
		{87750BF5-8606-4227-8562-F499ED3B030C}.Debug|Any CPU.Build.0 = Debug|Any CPU
		{87750BF5-8606-4227-8562-F499ED3B030C}.Release|Any CPU.ActiveCfg = Release|Any CPU
		{87750BF5-8606-4227-8562-F499ED3B030C}.Release|Any CPU.Build.0 = Release|Any CPU
	EndGlobalSection
	GlobalSection(SolutionProperties) = preSolution
		HideSolutionNode = FALSE
	EndGlobalSection
	GlobalSection(ExtensibilityGlobals) = postSolution
		SolutionGuid = {A7A0F983-AA77-4186-9BC5-81524ECD98A9}
	EndGlobalSection
EndGlobal
